id: customEPB_FStTS
label: 'File Source to Tagged Stream'
flags: [ python ]
category: '[customEPB]'

templates:
  imports: from gnuradio import customEPB
  make: customEPB.FStTS(${FileName}, ${Pkt_len}, ${Preamble_len}, ${Postamble_len})

parameters:
-   id: FileName
    label: FileName
    dtype: string
    default: "None"
-   id: Pkt_len
    label: Pkt_len
    dtype: int
    default: 384
-   id: Preamble_len
    label: Preamble_len
    dtype: int
    default: 64
-   id: Postamble_len
    label: Postamble_len
    dtype: int
    default: 16

outputs:
-   label: out
    domain: stream
    dtype: byte

file_format: 1

